{
  "originHash" : "05d305a962b0f6183c07bd43a53711fd6ec753ea25b866926c3511c735c5fe72",
  "pins" : [
    {
      "identity" : "locationpackage",
      "kind" : "remoteSourceControl",
      "location" : "https://github.com/Yoji-kms/LocationPackage",
      "state" : {
        "branch" : "main",
        "revision" : "1fc8199e31bb28a00755cc99bbe191d25d35ba89"
      }
    },
    {
      "identity" : "locationservice",
      "kind" : "remoteSourceControl",
      "location" : "https://github.com/Yoji-kms/LocationService",
      "state" : {
        "branch" : "main",
        "revision" : "0dd6452bb45a485c1cd04a9a855a2ca1dc8f6fa5"
      }
    },
    {
      "identity" : "tictactoe",
      "kind" : "remoteSourceControl",
      "location" : "https://github.com/Yoji-kms/TicTacToe",
      "state" : {
        "branch" : "main",
        "revision" : "6a2d31f45ed99446582e2e1f4fc907a9a5268953"
      }
    },
    {
      "identity" : "weathernetworkservice",
      "kind" : "remoteSourceControl",
      "location" : "https://github.com/Yoji-kms/WeatherNetworkService",
      "state" : {
        "branch" : "main",
        "revision" : "68b52860e67d52b8bc864b9271e941450b4fc13e"
      }
    },
    {
      "identity" : "weatherpackage",
      "kind" : "remoteSourceControl",
      "location" : "https://github.com/Yoji-kms/WeatherPackage",
      "state" : {
        "branch" : "main",
        "revision" : "aa43f7b68d340bac6941029ccb6f1dec9b8546ef"
      }
    }
  ],
  "version" : 3
}
