{
  "originHash" : "3424099863407a4edf690ff55686ad386cbbc995e65965e00395cc970b5ead8b",
  "pins" : [
    {
      "identity" : "locationpackage",
      "kind" : "remoteSourceControl",
      "location" : "https://github.com/Yoji-kms/LocationPackage",
      "state" : {
        "branch" : "main",
        "revision" : "b05eb1f0271c6998bfa900d1b63962ef9ae14145"
      }
    },
    {
      "identity" : "locationservice",
      "kind" : "remoteSourceControl",
      "location" : "https://github.com/Yoji-kms/LocationService",
      "state" : {
        "branch" : "main",
        "revision" : "0dd6452bb45a485c1cd04a9a855a2ca1dc8f6fa5"
      }
    },
    {
      "identity" : "tictactoe",
      "kind" : "remoteSourceControl",
      "location" : "https://github.com/Yoji-kms/TicTacToe",
      "state" : {
        "branch" : "main",
        "revision" : "c5b63eec192cb560097eed0631e979c8802c11db"
      }
    },
    {
      "identity" : "weathernetworkservice",
      "kind" : "remoteSourceControl",
      "location" : "https://github.com/Yoji-kms/WeatherNetworkService",
      "state" : {
        "branch" : "main",
        "revision" : "68b52860e67d52b8bc864b9271e941450b4fc13e"
      }
    },
    {
      "identity" : "weatherpackage",
      "kind" : "remoteSourceControl",
      "location" : "https://github.com/Yoji-kms/WeatherPackage",
      "state" : {
        "branch" : "main",
        "revision" : "23f38814678d9df8ee3ff60ee9af08c2be2bbd45"
      }
    }
  ],
  "version" : 3
}
