{
  "originHash" : "3424099863407a4edf690ff55686ad386cbbc995e65965e00395cc970b5ead8b",
  "pins" : [
    {
      "identity" : "locationpackage",
      "kind" : "remoteSourceControl",
      "location" : "https://github.com/Yoji-kms/LocationPackage",
      "state" : {
        "branch" : "main",
        "revision" : "85b214de510aa555076738643d04cd9f9a1333bf"
      }
    },
    {
      "identity" : "locationservice",
      "kind" : "remoteSourceControl",
      "location" : "https://github.com/Yoji-kms/LocationService",
      "state" : {
        "branch" : "main",
        "revision" : "311073f703b0997cf01fef48af9c27b03df8e3df"
      }
    },
    {
      "identity" : "tictactoe",
      "kind" : "remoteSourceControl",
      "location" : "https://github.com/Yoji-kms/TicTacToe",
      "state" : {
        "branch" : "main",
        "revision" : "ff06c17f87b3af231dc1d3c9b4385a507fd0f2e8"
      }
    },
    {
      "identity" : "weathernetworkservice",
      "kind" : "remoteSourceControl",
      "location" : "https://github.com/Yoji-kms/WeatherNetworkService",
      "state" : {
        "branch" : "main",
        "revision" : "68b52860e67d52b8bc864b9271e941450b4fc13e"
      }
    },
    {
      "identity" : "weatherpackage",
      "kind" : "remoteSourceControl",
      "location" : "https://github.com/Yoji-kms/WeatherPackage",
      "state" : {
        "branch" : "main",
        "revision" : "bcde04417e2b1ee4e69a0b68e0afe4bc21c4de34"
      }
    }
  ],
  "version" : 3
}
