// !$*UTF8*$!
{
	archiveVersion = 1;
	classes = {
	};
	objectVersion = 77;
	objects = {

/* Begin PBXBuildFile section */
		F9C995502C8CD676004DC95E /* TicTacToe in Frameworks */ = {isa = PBXBuildFile; productRef = F9C9954F2C8CD676004DC95E /* TicTacToe */; };
		F9C995702C8DD7E1004DC95E /* WeatherPackage in Frameworks */ = {isa = PBXBuildFile; productRef = F9C9956F2C8DD7E1004DC95E /* WeatherPackage */; };
		F9C995732C8DE0EE004DC95E /* LocationPackage in Frameworks */ = {isa = PBXBuildFile; productRef = F9C995722C8DE0EE004DC95E /* LocationPackage */; };
/* End PBXBuildFile section */

/* Begin PBXContainerItemProxy section */
		F9C995302C887270004DC95E /* PBXContainerItemProxy */ = {
			isa = PBXContainerItemProxy;
			containerPortal = F9C995112C88726D004DC95E /* Project object */;
			proxyType = 1;
			remoteGlobalIDString = F9C995182C88726D004DC95E;
			remoteInfo = MiniApps;
		};
		F9C9953A2C887270004DC95E /* PBXContainerItemProxy */ = {
			isa = PBXContainerItemProxy;
			containerPortal = F9C995112C88726D004DC95E /* Project object */;
			proxyType = 1;
			remoteGlobalIDString = F9C995182C88726D004DC95E;
			remoteInfo = MiniApps;
		};
/* End PBXContainerItemProxy section */

/* Begin PBXFileReference section */
		F9C995192C88726D004DC95E /* MiniApps.app */ = {isa = PBXFileReference; explicitFileType = wrapper.application; includeInIndex = 0; path = MiniApps.app; sourceTree = BUILT_PRODUCTS_DIR; };
		F9C9952F2C887270004DC95E /* MiniAppsTests.xctest */ = {isa = PBXFileReference; explicitFileType = wrapper.cfbundle; includeInIndex = 0; path = MiniAppsTests.xctest; sourceTree = BUILT_PRODUCTS_DIR; };
		F9C995392C887270004DC95E /* MiniAppsUITests.xctest */ = {isa = PBXFileReference; explicitFileType = wrapper.cfbundle; includeInIndex = 0; path = MiniAppsUITests.xctest; sourceTree = BUILT_PRODUCTS_DIR; };
/* End PBXFileReference section */

/* Begin PBXFileSystemSynchronizedBuildFileExceptionSet section */
		F9C995412C887270004DC95E /* Exceptions for "MiniApps" folder in "MiniApps" target */ = {
			isa = PBXFileSystemSynchronizedBuildFileExceptionSet;
			membershipExceptions = (
				Info.plist,
			);
			target = F9C995182C88726D004DC95E /* MiniApps */;
		};
/* End PBXFileSystemSynchronizedBuildFileExceptionSet section */

/* Begin PBXFileSystemSynchronizedRootGroup section */
		F9C9951B2C88726D004DC95E /* MiniApps */ = {
			isa = PBXFileSystemSynchronizedRootGroup;
			exceptions = (
				F9C995412C887270004DC95E /* Exceptions for "MiniApps" folder in "MiniApps" target */,
			);
			path = MiniApps;
			sourceTree = "<group>";
		};
		F9C995322C887270004DC95E /* MiniAppsTests */ = {
			isa = PBXFileSystemSynchronizedRootGroup;
			path = MiniAppsTests;
			sourceTree = "<group>";
		};
		F9C9953C2C887270004DC95E /* MiniAppsUITests */ = {
			isa = PBXFileSystemSynchronizedRootGroup;
			path = MiniAppsUITests;
			sourceTree = "<group>";
		};
/* End PBXFileSystemSynchronizedRootGroup section */

/* Begin PBXFrameworksBuildPhase section */
		F9C995162C88726D004DC95E /* Frameworks */ = {
			isa = PBXFrameworksBuildPhase;
			buildActionMask = 2147483647;
			files = (
				F9C995732C8DE0EE004DC95E /* LocationPackage in Frameworks */,
				F9C995702C8DD7E1004DC95E /* WeatherPackage in Frameworks */,
				F9C995502C8CD676004DC95E /* TicTacToe in Frameworks */,
			);
			runOnlyForDeploymentPostprocessing = 0;
		};
		F9C9952C2C887270004DC95E /* Frameworks */ = {
			isa = PBXFrameworksBuildPhase;
			buildActionMask = 2147483647;
			files = (
			);
			runOnlyForDeploymentPostprocessing = 0;
		};
		F9C995362C887270004DC95E /* Frameworks */ = {
			isa = PBXFrameworksBuildPhase;
			buildActionMask = 2147483647;
			files = (
			);
			runOnlyForDeploymentPostprocessing = 0;
		};
/* End PBXFrameworksBuildPhase section */

/* Begin PBXGroup section */
		F9C995102C88726D004DC95E = {
			isa = PBXGroup;
			children = (
				F9C9951B2C88726D004DC95E /* MiniApps */,
				F9C995322C887270004DC95E /* MiniAppsTests */,
				F9C9953C2C887270004DC95E /* MiniAppsUITests */,
				F9C9956E2C8DD7E1004DC95E /* Frameworks */,
				F9C9951A2C88726D004DC95E /* Products */,
			);
			sourceTree = "<group>";
		};
		F9C9951A2C88726D004DC95E /* Products */ = {
			isa = PBXGroup;
			children = (
				F9C995192C88726D004DC95E /* MiniApps.app */,
				F9C9952F2C887270004DC95E /* MiniAppsTests.xctest */,
				F9C995392C887270004DC95E /* MiniAppsUITests.xctest */,
			);
			name = Products;
			sourceTree = "<group>";
		};
		F9C9956E2C8DD7E1004DC95E /* Frameworks */ = {
			isa = PBXGroup;
			children = (
			);
			name = Frameworks;
			sourceTree = "<group>";
		};
/* End PBXGroup section */

/* Begin PBXNativeTarget section */
		F9C995182C88726D004DC95E /* MiniApps */ = {
			isa = PBXNativeTarget;
			buildConfigurationList = F9C995422C887270004DC95E /* Build configuration list for PBXNativeTarget "MiniApps" */;
			buildPhases = (
				F9C995152C88726D004DC95E /* Sources */,
				F9C995162C88726D004DC95E /* Frameworks */,
				F9C995172C88726D004DC95E /* Resources */,
			);
			buildRules = (
			);
			dependencies = (
			);
			fileSystemSynchronizedGroups = (
				F9C9951B2C88726D004DC95E /* MiniApps */,
			);
			name = MiniApps;
			packageProductDependencies = (
				F9C9954F2C8CD676004DC95E /* TicTacToe */,
				F9C9956F2C8DD7E1004DC95E /* WeatherPackage */,
				F9C995722C8DE0EE004DC95E /* LocationPackage */,
			);
			productName = MiniApps;
			productReference = F9C995192C88726D004DC95E /* MiniApps.app */;
			productType = "com.apple.product-type.application";
		};
		F9C9952E2C887270004DC95E /* MiniAppsTests */ = {
			isa = PBXNativeTarget;
			buildConfigurationList = F9C995482C887270004DC95E /* Build configuration list for PBXNativeTarget "MiniAppsTests" */;
			buildPhases = (
				F9C9952B2C887270004DC95E /* Sources */,
				F9C9952C2C887270004DC95E /* Frameworks */,
				F9C9952D2C887270004DC95E /* Resources */,
			);
			buildRules = (
			);
			dependencies = (
				F9C995312C887270004DC95E /* PBXTargetDependency */,
			);
			fileSystemSynchronizedGroups = (
				F9C995322C887270004DC95E /* MiniAppsTests */,
			);
			name = MiniAppsTests;
			packageProductDependencies = (
			);
			productName = MiniAppsTests;
			productReference = F9C9952F2C887270004DC95E /* MiniAppsTests.xctest */;
			productType = "com.apple.product-type.bundle.unit-test";
		};
		F9C995382C887270004DC95E /* MiniAppsUITests */ = {
			isa = PBXNativeTarget;
			buildConfigurationList = F9C9954B2C887270004DC95E /* Build configuration list for PBXNativeTarget "MiniAppsUITests" */;
			buildPhases = (
				F9C995352C887270004DC95E /* Sources */,
				F9C995362C887270004DC95E /* Frameworks */,
				F9C995372C887270004DC95E /* Resources */,
			);
			buildRules = (
			);
			dependencies = (
				F9C9953B2C887270004DC95E /* PBXTargetDependency */,
			);
			fileSystemSynchronizedGroups = (
				F9C9953C2C887270004DC95E /* MiniAppsUITests */,
			);
			name = MiniAppsUITests;
			packageProductDependencies = (
			);
			productName = MiniAppsUITests;
			productReference = F9C995392C887270004DC95E /* MiniAppsUITests.xctest */;
			productType = "com.apple.product-type.bundle.ui-testing";
		};
/* End PBXNativeTarget section */

/* Begin PBXProject section */
		F9C995112C88726D004DC95E /* Project object */ = {
			isa = PBXProject;
			attributes = {
				BuildIndependentTargetsInParallel = 1;
				LastSwiftUpdateCheck = 1600;
				LastUpgradeCheck = 1600;
				TargetAttributes = {
					F9C995182C88726D004DC95E = {
						CreatedOnToolsVersion = 16.0;
					};
					F9C9952E2C887270004DC95E = {
						CreatedOnToolsVersion = 16.0;
						TestTargetID = F9C995182C88726D004DC95E;
					};
					F9C995382C887270004DC95E = {
						CreatedOnToolsVersion = 16.0;
						TestTargetID = F9C995182C88726D004DC95E;
					};
				};
			};
			buildConfigurationList = F9C995142C88726D004DC95E /* Build configuration list for PBXProject "MiniApps" */;
			developmentRegion = en;
			hasScannedForEncodings = 0;
			knownRegions = (
				en,
				Base,
			);
			mainGroup = F9C995102C88726D004DC95E;
			minimizedProjectReferenceProxies = 1;
			packageReferences = (
				F9C9954E2C8CD676004DC95E /* XCRemoteSwiftPackageReference "TicTacToe" */,
				F9C9956D2C8DD67C004DC95E /* XCRemoteSwiftPackageReference "WeatherPackage" */,
				F9C995712C8DE0E2004DC95E /* XCRemoteSwiftPackageReference "LocationPackage" */,
			);
			preferredProjectObjectVersion = 77;
			productRefGroup = F9C9951A2C88726D004DC95E /* Products */;
			projectDirPath = "";
			projectRoot = "";
			targets = (
				F9C995182C88726D004DC95E /* MiniApps */,
				F9C9952E2C887270004DC95E /* MiniAppsTests */,
				F9C995382C887270004DC95E /* MiniAppsUITests */,
			);
		};
/* End PBXProject section */

/* Begin PBXResourcesBuildPhase section */
		F9C995172C88726D004DC95E /* Resources */ = {
			isa = PBXResourcesBuildPhase;
			buildActionMask = 2147483647;
			files = (
			);
			runOnlyForDeploymentPostprocessing = 0;
		};
		F9C9952D2C887270004DC95E /* Resources */ = {
			isa = PBXResourcesBuildPhase;
			buildActionMask = 2147483647;
			files = (
			);
			runOnlyForDeploymentPostprocessing = 0;
		};
		F9C995372C887270004DC95E /* Resources */ = {
			isa = PBXResourcesBuildPhase;
			buildActionMask = 2147483647;
			files = (
			);
			runOnlyForDeploymentPostprocessing = 0;
		};
/* End PBXResourcesBuildPhase section */

/* Begin PBXSourcesBuildPhase section */
		F9C995152C88726D004DC95E /* Sources */ = {
			isa = PBXSourcesBuildPhase;
			buildActionMask = 2147483647;
			files = (
			);
			runOnlyForDeploymentPostprocessing = 0;
		};
		F9C9952B2C887270004DC95E /* Sources */ = {
			isa = PBXSourcesBuildPhase;
			buildActionMask = 2147483647;
			files = (
			);
			runOnlyForDeploymentPostprocessing = 0;
		};
		F9C995352C887270004DC95E /* Sources */ = {
			isa = PBXSourcesBuildPhase;
			buildActionMask = 2147483647;
			files = (
			);
			runOnlyForDeploymentPostprocessing = 0;
		};
/* End PBXSourcesBuildPhase section */

/* Begin PBXTargetDependency section */
		F9C995312C887270004DC95E /* PBXTargetDependency */ = {
			isa = PBXTargetDependency;
			target = F9C995182C88726D004DC95E /* MiniApps */;
			targetProxy = F9C995302C887270004DC95E /* PBXContainerItemProxy */;
		};
		F9C9953B2C887270004DC95E /* PBXTargetDependency */ = {
			isa = PBXTargetDependency;
			target = F9C995182C88726D004DC95E /* MiniApps */;
			targetProxy = F9C9953A2C887270004DC95E /* PBXContainerItemProxy */;
		};
/* End PBXTargetDependency section */

/* Begin XCBuildConfiguration section */
		F9C995432C887270004DC95E /* Debug */ = {
			isa = XCBuildConfiguration;
			buildSettings = {
				ASSETCATALOG_COMPILER_APPICON_NAME = AppIcon;
				ASSETCATALOG_COMPILER_GLOBAL_ACCENT_COLOR_NAME = AccentColor;
				CODE_SIGN_STYLE = Automatic;
				CURRENT_PROJECT_VERSION = 1;
				GENERATE_INFOPLIST_FILE = YES;
				INFOPLIST_FILE = MiniApps/Info.plist;
				INFOPLIST_KEY_NSLocationWhenInUseUsageDescription = "";
				INFOPLIST_KEY_UIApplicationSupportsIndirectInputEvents = YES;
				INFOPLIST_KEY_UISupportedInterfaceOrientations = UIInterfaceOrientationPortrait;
				INFOPLIST_KEY_UISupportedInterfaceOrientations_iPad = "UIInterfaceOrientationPortrait UIInterfaceOrientationPortraitUpsideDown";
				LD_RUNPATH_SEARCH_PATHS = (
					"$(inherited)",
					"@executable_path/Frameworks",
				);
				MARKETING_VERSION = 1.0;
				PRODUCT_BUNDLE_IDENTIFIER = "Yoji-kms.MiniApps";
				PRODUCT_NAME = "$(TARGET_NAME)";
				SWIFT_EMIT_LOC_STRINGS = YES;
				SWIFT_VERSION = 5.0;
				TARGETED_DEVICE_FAMILY = "1,2";
			};
			name = Debug;
		};
		F9C995442C887270004DC95E /* Release */ = {
			isa = XCBuildConfiguration;
			buildSettings = {
				ASSETCATALOG_COMPILER_APPICON_NAME = AppIcon;
				ASSETCATALOG_COMPILER_GLOBAL_ACCENT_COLOR_NAME = AccentColor;
				CODE_SIGN_STYLE = Automatic;
				CURRENT_PROJECT_VERSION = 1;
				GENERATE_INFOPLIST_FILE = YES;
				INFOPLIST_FILE = MiniApps/Info.plist;
				INFOPLIST_KEY_NSLocationWhenInUseUsageDescription = "";
				INFOPLIST_KEY_UIApplicationSupportsIndirectInputEvents = YES;
				INFOPLIST_KEY_UISupportedInterfaceOrientations = UIInterfaceOrientationPortrait;
				INFOPLIST_KEY_UISupportedInterfaceOrientations_iPad = "UIInterfaceOrientationPortrait UIInterfaceOrientationPortraitUpsideDown";
				LD_RUNPATH_SEARCH_PATHS = (
					"$(inherited)",
					"@executable_path/Frameworks",
				);
				MARKETING_VERSION = 1.0;
				PRODUCT_BUNDLE_IDENTIFIER = "Yoji-kms.MiniApps";
				PRODUCT_NAME = "$(TARGET_NAME)";
				SWIFT_EMIT_LOC_STRINGS = YES;
				SWIFT_VERSION = 5.0;
				TARGETED_DEVICE_FAMILY = "1,2";
			};
			name = Release;
		};
		F9C995462C887270004DC95E /* Debug */ = {
			isa = XCBuildConfiguration;
			buildSettings = {
				ALWAYS_SEARCH_USER_PATHS = NO;
				ASSETCATALOG_COMPILER_GENERATE_SWIFT_ASSET_SYMBOL_EXTENSIONS = YES;
				CLANG_ANALYZER_NONNULL = YES;
				CLANG_ANALYZER_NUMBER_OBJECT_CONVERSION = YES_AGGRESSIVE;
				CLANG_CXX_LANGUAGE_STANDARD = "gnu++20";
				CLANG_ENABLE_MODULES = YES;
				CLANG_ENABLE_OBJC_ARC = YES;
				CLANG_ENABLE_OBJC_WEAK = YES;
				CLANG_WARN_BLOCK_CAPTURE_AUTORELEASING = YES;
				CLANG_WARN_BOOL_CONVERSION = YES;
				CLANG_WARN_COMMA = YES;
				CLANG_WARN_CONSTANT_CONVERSION = YES;
				CLANG_WARN_DEPRECATED_OBJC_IMPLEMENTATIONS = YES;
				CLANG_WARN_DIRECT_OBJC_ISA_USAGE = YES_ERROR;
				CLANG_WARN_DOCUMENTATION_COMMENTS = YES;
				CLANG_WARN_EMPTY_BODY = YES;
				CLANG_WARN_ENUM_CONVERSION = YES;
				CLANG_WARN_INFINITE_RECURSION = YES;
				CLANG_WARN_INT_CONVERSION = YES;
				CLANG_WARN_NON_LITERAL_NULL_CONVERSION = YES;
				CLANG_WARN_OBJC_IMPLICIT_RETAIN_SELF = YES;
				CLANG_WARN_OBJC_LITERAL_CONVERSION = YES;
				CLANG_WARN_OBJC_ROOT_CLASS = YES_ERROR;
				CLANG_WARN_QUOTED_INCLUDE_IN_FRAMEWORK_HEADER = YES;
				CLANG_WARN_RANGE_LOOP_ANALYSIS = YES;
				CLANG_WARN_STRICT_PROTOTYPES = YES;
				CLANG_WARN_SUSPICIOUS_MOVE = YES;
				CLANG_WARN_UNGUARDED_AVAILABILITY = YES_AGGRESSIVE;
				CLANG_WARN_UNREACHABLE_CODE = YES;
				CLANG_WARN__DUPLICATE_METHOD_MATCH = YES;
				COPY_PHASE_STRIP = NO;
				DEBUG_INFORMATION_FORMAT = dwarf;
				ENABLE_STRICT_OBJC_MSGSEND = YES;
				ENABLE_TESTABILITY = YES;
				ENABLE_USER_SCRIPT_SANDBOXING = YES;
				GCC_C_LANGUAGE_STANDARD = gnu17;
				GCC_DYNAMIC_NO_PIC = NO;
				GCC_NO_COMMON_BLOCKS = YES;
				GCC_OPTIMIZATION_LEVEL = 0;
				GCC_PREPROCESSOR_DEFINITIONS = (
					"DEBUG=1",
					"$(inherited)",
				);
				GCC_WARN_64_TO_32_BIT_CONVERSION = YES;
				GCC_WARN_ABOUT_RETURN_TYPE = YES_ERROR;
				GCC_WARN_UNDECLARED_SELECTOR = YES;
				GCC_WARN_UNINITIALIZED_AUTOS = YES_AGGRESSIVE;
				GCC_WARN_UNUSED_FUNCTION = YES;
				GCC_WARN_UNUSED_VARIABLE = YES;
				IPHONEOS_DEPLOYMENT_TARGET = 18.0;
				LOCALIZATION_PREFERS_STRING_CATALOGS = YES;
				MTL_ENABLE_DEBUG_INFO = INCLUDE_SOURCE;
				MTL_FAST_MATH = YES;
				ONLY_ACTIVE_ARCH = YES;
				SDKROOT = iphoneos;
				SWIFT_ACTIVE_COMPILATION_CONDITIONS = "DEBUG $(inherited)";
				SWIFT_OPTIMIZATION_LEVEL = "-Onone";
			};
			name = Debug;
		};
		F9C995472C887270004DC95E /* Release */ = {
			isa = XCBuildConfiguration;
			buildSettings = {
				ALWAYS_SEARCH_USER_PATHS = NO;
				ASSETCATALOG_COMPILER_GENERATE_SWIFT_ASSET_SYMBOL_EXTENSIONS = YES;
				CLANG_ANALYZER_NONNULL = YES;
				CLANG_ANALYZER_NUMBER_OBJECT_CONVERSION = YES_AGGRESSIVE;
				CLANG_CXX_LANGUAGE_STANDARD = "gnu++20";
				CLANG_ENABLE_MODULES = YES;
				CLANG_ENABLE_OBJC_ARC = YES;
				CLANG_ENABLE_OBJC_WEAK = YES;
				CLANG_WARN_BLOCK_CAPTURE_AUTORELEASING = YES;
				CLANG_WARN_BOOL_CONVERSION = YES;
				CLANG_WARN_COMMA = YES;
				CLANG_WARN_CONSTANT_CONVERSION = YES;
				CLANG_WARN_DEPRECATED_OBJC_IMPLEMENTATIONS = YES;
				CLANG_WARN_DIRECT_OBJC_ISA_USAGE = YES_ERROR;
				CLANG_WARN_DOCUMENTATION_COMMENTS = YES;
				CLANG_WARN_EMPTY_BODY = YES;
				CLANG_WARN_ENUM_CONVERSION = YES;
				CLANG_WARN_INFINITE_RECURSION = YES;
				CLANG_WARN_INT_CONVERSION = YES;
				CLANG_WARN_NON_LITERAL_NULL_CONVERSION = YES;
				CLANG_WARN_OBJC_IMPLICIT_RETAIN_SELF = YES;
				CLANG_WARN_OBJC_LITERAL_CONVERSION = YES;
				CLANG_WARN_OBJC_ROOT_CLASS = YES_ERROR;
				CLANG_WARN_QUOTED_INCLUDE_IN_FRAMEWORK_HEADER = YES;
				CLANG_WARN_RANGE_LOOP_ANALYSIS = YES;
				CLANG_WARN_STRICT_PROTOTYPES = YES;
				CLANG_WARN_SUSPICIOUS_MOVE = YES;
				CLANG_WARN_UNGUARDED_AVAILABILITY = YES_AGGRESSIVE;
				CLANG_WARN_UNREACHABLE_CODE = YES;
				CLANG_WARN__DUPLICATE_METHOD_MATCH = YES;
				COPY_PHASE_STRIP = NO;
				DEBUG_INFORMATION_FORMAT = "dwarf-with-dsym";
				ENABLE_NS_ASSERTIONS = NO;
				ENABLE_STRICT_OBJC_MSGSEND = YES;
				ENABLE_USER_SCRIPT_SANDBOXING = YES;
				GCC_C_LANGUAGE_STANDARD = gnu17;
				GCC_NO_COMMON_BLOCKS = YES;
				GCC_WARN_64_TO_32_BIT_CONVERSION = YES;
				GCC_WARN_ABOUT_RETURN_TYPE = YES_ERROR;
				GCC_WARN_UNDECLARED_SELECTOR = YES;
				GCC_WARN_UNINITIALIZED_AUTOS = YES_AGGRESSIVE;
				GCC_WARN_UNUSED_FUNCTION = YES;
				GCC_WARN_UNUSED_VARIABLE = YES;
				IPHONEOS_DEPLOYMENT_TARGET = 18.0;
				LOCALIZATION_PREFERS_STRING_CATALOGS = YES;
				MTL_ENABLE_DEBUG_INFO = NO;
				MTL_FAST_MATH = YES;
				SDKROOT = iphoneos;
				SWIFT_COMPILATION_MODE = wholemodule;
				VALIDATE_PRODUCT = YES;
			};
			name = Release;
		};
		F9C995492C887270004DC95E /* Debug */ = {
			isa = XCBuildConfiguration;
			buildSettings = {
				BUNDLE_LOADER = "$(TEST_HOST)";
				CODE_SIGN_STYLE = Automatic;
				CURRENT_PROJECT_VERSION = 1;
				GENERATE_INFOPLIST_FILE = YES;
				IPHONEOS_DEPLOYMENT_TARGET = 18.0;
				MARKETING_VERSION = 1.0;
				PRODUCT_BUNDLE_IDENTIFIER = "Yoji-kms.MiniAppsTests";
				PRODUCT_NAME = "$(TARGET_NAME)";
				SWIFT_EMIT_LOC_STRINGS = NO;
				SWIFT_VERSION = 5.0;
				TARGETED_DEVICE_FAMILY = "1,2";
				TEST_HOST = "$(BUILT_PRODUCTS_DIR)/MiniApps.app/$(BUNDLE_EXECUTABLE_FOLDER_PATH)/MiniApps";
			};
			name = Debug;
		};
		F9C9954A2C887270004DC95E /* Release */ = {
			isa = XCBuildConfiguration;
			buildSettings = {
				BUNDLE_LOADER = "$(TEST_HOST)";
				CODE_SIGN_STYLE = Automatic;
				CURRENT_PROJECT_VERSION = 1;
				GENERATE_INFOPLIST_FILE = YES;
				IPHONEOS_DEPLOYMENT_TARGET = 18.0;
				MARKETING_VERSION = 1.0;
				PRODUCT_BUNDLE_IDENTIFIER = "Yoji-kms.MiniAppsTests";
				PRODUCT_NAME = "$(TARGET_NAME)";
				SWIFT_EMIT_LOC_STRINGS = NO;
				SWIFT_VERSION = 5.0;
				TARGETED_DEVICE_FAMILY = "1,2";
				TEST_HOST = "$(BUILT_PRODUCTS_DIR)/MiniApps.app/$(BUNDLE_EXECUTABLE_FOLDER_PATH)/MiniApps";
			};
			name = Release;
		};
		F9C9954C2C887270004DC95E /* Debug */ = {
			isa = XCBuildConfiguration;
			buildSettings = {
				CODE_SIGN_STYLE = Automatic;
				CURRENT_PROJECT_VERSION = 1;
				GENERATE_INFOPLIST_FILE = YES;
				MARKETING_VERSION = 1.0;
				PRODUCT_BUNDLE_IDENTIFIER = "Yoji-kms.MiniAppsUITests";
				PRODUCT_NAME = "$(TARGET_NAME)";
				SWIFT_EMIT_LOC_STRINGS = NO;
				SWIFT_VERSION = 5.0;
				TARGETED_DEVICE_FAMILY = "1,2";
				TEST_TARGET_NAME = MiniApps;
			};
			name = Debug;
		};
		F9C9954D2C887270004DC95E /* Release */ = {
			isa = XCBuildConfiguration;
			buildSettings = {
				CODE_SIGN_STYLE = Automatic;
				CURRENT_PROJECT_VERSION = 1;
				GENERATE_INFOPLIST_FILE = YES;
				MARKETING_VERSION = 1.0;
				PRODUCT_BUNDLE_IDENTIFIER = "Yoji-kms.MiniAppsUITests";
				PRODUCT_NAME = "$(TARGET_NAME)";
				SWIFT_EMIT_LOC_STRINGS = NO;
				SWIFT_VERSION = 5.0;
				TARGETED_DEVICE_FAMILY = "1,2";
				TEST_TARGET_NAME = MiniApps;
			};
			name = Release;
		};
/* End XCBuildConfiguration section */

/* Begin XCConfigurationList section */
		F9C995142C88726D004DC95E /* Build configuration list for PBXProject "MiniApps" */ = {
			isa = XCConfigurationList;
			buildConfigurations = (
				F9C995462C887270004DC95E /* Debug */,
				F9C995472C887270004DC95E /* Release */,
			);
			defaultConfigurationIsVisible = 0;
			defaultConfigurationName = Release;
		};
		F9C995422C887270004DC95E /* Build configuration list for PBXNativeTarget "MiniApps" */ = {
			isa = XCConfigurationList;
			buildConfigurations = (
				F9C995432C887270004DC95E /* Debug */,
				F9C995442C887270004DC95E /* Release */,
			);
			defaultConfigurationIsVisible = 0;
			defaultConfigurationName = Release;
		};
		F9C995482C887270004DC95E /* Build configuration list for PBXNativeTarget "MiniAppsTests" */ = {
			isa = XCConfigurationList;
			buildConfigurations = (
				F9C995492C887270004DC95E /* Debug */,
				F9C9954A2C887270004DC95E /* Release */,
			);
			defaultConfigurationIsVisible = 0;
			defaultConfigurationName = Release;
		};
		F9C9954B2C887270004DC95E /* Build configuration list for PBXNativeTarget "MiniAppsUITests" */ = {
			isa = XCConfigurationList;
			buildConfigurations = (
				F9C9954C2C887270004DC95E /* Debug */,
				F9C9954D2C887270004DC95E /* Release */,
			);
			defaultConfigurationIsVisible = 0;
			defaultConfigurationName = Release;
		};
/* End XCConfigurationList section */

/* Begin XCRemoteSwiftPackageReference section */
		F9C9954E2C8CD676004DC95E /* XCRemoteSwiftPackageReference "TicTacToe" */ = {
			isa = XCRemoteSwiftPackageReference;
			repositoryURL = "https://github.com/Yoji-kms/TicTacToe";
			requirement = {
				branch = main;
				kind = branch;
			};
		};
		F9C9956D2C8DD67C004DC95E /* XCRemoteSwiftPackageReference "WeatherPackage" */ = {
			isa = XCRemoteSwiftPackageReference;
			repositoryURL = "https://github.com/Yoji-kms/WeatherPackage";
			requirement = {
				branch = main;
				kind = branch;
			};
		};
		F9C995712C8DE0E2004DC95E /* XCRemoteSwiftPackageReference "LocationPackage" */ = {
			isa = XCRemoteSwiftPackageReference;
			repositoryURL = "https://github.com/Yoji-kms/LocationPackage";
			requirement = {
				branch = main;
				kind = branch;
			};
		};
/* End XCRemoteSwiftPackageReference section */

/* Begin XCSwiftPackageProductDependency section */
		F9C9954F2C8CD676004DC95E /* TicTacToe */ = {
			isa = XCSwiftPackageProductDependency;
			package = F9C9954E2C8CD676004DC95E /* XCRemoteSwiftPackageReference "TicTacToe" */;
			productName = TicTacToe;
		};
		F9C9956F2C8DD7E1004DC95E /* WeatherPackage */ = {
			isa = XCSwiftPackageProductDependency;
			package = F9C9956D2C8DD67C004DC95E /* XCRemoteSwiftPackageReference "WeatherPackage" */;
			productName = WeatherPackage;
		};
		F9C995722C8DE0EE004DC95E /* LocationPackage */ = {
			isa = XCSwiftPackageProductDependency;
			package = F9C995712C8DE0E2004DC95E /* XCRemoteSwiftPackageReference "LocationPackage" */;
			productName = LocationPackage;
		};
/* End XCSwiftPackageProductDependency section */
	};
	rootObject = F9C995112C88726D004DC95E /* Project object */;
}
